
Microsoft Visual Studio Solution File, Format Version 12.00
# Visual Studio 15
VisualStudioVersion = 15.0.27428.2027
MinimumVisualStudioVersion = 10.0.40219.1
Project("{FAE04EC0-301F-11D3-BF4B-00C04F79EFBC}") = "Projeto_teste_GIT", "Projeto_teste_GIT\Projeto_teste_GIT.csproj", "{BEE8F29C-F22F-4F51-B452-8FFBBBE73EA9}"
EndProject
Global
	GlobalSection(SolutionConfigurationPlatforms) = preSolution
		Debug|Any CPU = Debug|Any CPU
		Release|Any CPU = Release|Any CPU
	EndGlobalSection
	GlobalSection(ProjectConfigurationPlatforms) = postSolution
		{BEE8F29C-F22F-4F51-B452-8FFBBBE73EA9}.Debug|Any CPU.ActiveCfg = Debug|Any CPU
		{BEE8F29C-F22F-4F51-B452-8FFBBBE73EA9}.Debug|Any CPU.Build.0 = Debug|Any CPU
		{BEE8F29C-F22F-4F51-B452-8FFBBBE73EA9}.Release|Any CPU.ActiveCfg = Release|Any CPU
		{BEE8F29C-F22F-4F51-B452-8FFBBBE73EA9}.Release|Any CPU.Build.0 = Release|Any CPU
	EndGlobalSection
	GlobalSection(SolutionProperties) = preSolution
		HideSolutionNode = FALSE
	EndGlobalSection
	GlobalSection(ExtensibilityGlobals) = postSolution
		SolutionGuid = {9B3B1C62-7EA0-4DD2-A36D-7470E6703CD8}
	EndGlobalSection
EndGlobal
